
Microsoft Visual Studio Solution File, Format Version 12.00
# Visual Studio Version 17
VisualStudioVersion = 17.12.35209.166
MinimumVisualStudioVersion = 10.0.40219.1
Project("{9A19103F-16F7-4668-BE54-9A1E7A4F7556}") = "CollegeChemistryAPI", "CollegeChemistryAPI\CollegeChemistryAPI.csproj", "{44E09F47-0CC6-42B9-ACD9-0BFA80AE5EF6}"
EndProject
Project("{FAE04EC0-301F-11D3-BF4B-00C04F79EFBC}") = "CollegeChemistryAdmin", "CollegeChemistryAdmin\CollegeChemistryAdmin.csproj", "{9322AADC-A239-46EC-9B66-67EAB89C101E}"
EndProject
Project("{FAE04EC0-301F-11D3-BF4B-00C04F79EFBC}") = "CollegeChemistryLibrary", "CollegeChemistryLibrary\CollegeChemistryLibrary.csproj", "{A2C5E991-C881-46B3-8819-A08F849ED311}"
EndProject
Global
	GlobalSection(SolutionConfigurationPlatforms) = preSolution
		Debug|Any CPU = Debug|Any CPU
		Release|Any CPU = Release|Any CPU
	EndGlobalSection
	GlobalSection(ProjectConfigurationPlatforms) = postSolution
		{44E09F47-0CC6-42B9-ACD9-0BFA80AE5EF6}.Debug|Any CPU.ActiveCfg = Debug|Any CPU
		{44E09F47-0CC6-42B9-ACD9-0BFA80AE5EF6}.Debug|Any CPU.Build.0 = Debug|Any CPU
		{44E09F47-0CC6-42B9-ACD9-0BFA80AE5EF6}.Release|Any CPU.ActiveCfg = Release|Any CPU
		{44E09F47-0CC6-42B9-ACD9-0BFA80AE5EF6}.Release|Any CPU.Build.0 = Release|Any CPU
		{9322AADC-A239-46EC-9B66-67EAB89C101E}.Debug|Any CPU.ActiveCfg = Debug|Any CPU
		{9322AADC-A239-46EC-9B66-67EAB89C101E}.Debug|Any CPU.Build.0 = Debug|Any CPU
		{9322AADC-A239-46EC-9B66-67EAB89C101E}.Release|Any CPU.ActiveCfg = Release|Any CPU
		{9322AADC-A239-46EC-9B66-67EAB89C101E}.Release|Any CPU.Build.0 = Release|Any CPU
		{A2C5E991-C881-46B3-8819-A08F849ED311}.Debug|Any CPU.ActiveCfg = Debug|Any CPU
		{A2C5E991-C881-46B3-8819-A08F849ED311}.Debug|Any CPU.Build.0 = Debug|Any CPU
		{A2C5E991-C881-46B3-8819-A08F849ED311}.Release|Any CPU.ActiveCfg = Release|Any CPU
		{A2C5E991-C881-46B3-8819-A08F849ED311}.Release|Any CPU.Build.0 = Release|Any CPU
	EndGlobalSection
	GlobalSection(SolutionProperties) = preSolution
		HideSolutionNode = FALSE
	EndGlobalSection
	GlobalSection(ExtensibilityGlobals) = postSolution
		SolutionGuid = {035B5CA4-3DF7-46F0-A95D-A90408671BFD}
	EndGlobalSection
EndGlobal
